
Microsoft Visual Studio Solution File, Format Version 12.00
# Visual Studio 15
VisualStudioVersion = 15.0.27130.2010
MinimumVisualStudioVersion = 10.0.40219.1
Project("{FAE04EC0-301F-11D3-BF4B-00C04F79EFBC}") = "Bulldozer", "Bulldozer\Bulldozer.csproj", "{CF4C64F3-3C5E-4A46-891A-3855DAED205C}"
EndProject
Global
	GlobalSection(SolutionConfigurationPlatforms) = preSolution
		Debug|Any CPU = Debug|Any CPU
		Release|Any CPU = Release|Any CPU
	EndGlobalSection
	GlobalSection(ProjectConfigurationPlatforms) = postSolution
		{CF4C64F3-3C5E-4A46-891A-3855DAED205C}.Debug|Any CPU.ActiveCfg = Debug|Any CPU
		{CF4C64F3-3C5E-4A46-891A-3855DAED205C}.Debug|Any CPU.Build.0 = Debug|Any CPU
		{CF4C64F3-3C5E-4A46-891A-3855DAED205C}.Release|Any CPU.ActiveCfg = Release|Any CPU
		{CF4C64F3-3C5E-4A46-891A-3855DAED205C}.Release|Any CPU.Build.0 = Release|Any CPU
	EndGlobalSection
	GlobalSection(SolutionProperties) = preSolution
		HideSolutionNode = FALSE
	EndGlobalSection
	GlobalSection(ExtensibilityGlobals) = postSolution
		SolutionGuid = {B6517930-6174-4E06-AB03-14DE5BA91A19}
	EndGlobalSection
EndGlobal
